// !$*UTF8*$!
{
	archiveVersion = 1;
	classes = {
	};
	objectVersion = 46;
	objects = {

/* Begin PBXBuildFile section */
		C6EF60EB1CC5565A007B0279 /* AppDelegate.swift in Sources */ = {isa = PBXBuildFile; fileRef = C6EF60EA1CC5565A007B0279 /* AppDelegate.swift */; };
		C6EF60ED1CC5565A007B0279 /* MainMoviesViewController.swift in Sources */ = {isa = PBXBuildFile; fileRef = C6EF60EC1CC5565A007B0279 /* MainMoviesViewController.swift */; };
		C6EF60F01CC5565A007B0279 /* Main.storyboard in Resources */ = {isa = PBXBuildFile; fileRef = C6EF60EE1CC5565A007B0279 /* Main.storyboard */; };
		C6EF60F21CC5565A007B0279 /* Images.xcassets in Resources */ = {isa = PBXBuildFile; fileRef = C6EF60F11CC5565A007B0279 /* Images.xcassets */; };
		C6EF60F51CC5565A007B0279 /* LaunchScreen.xib in Resources */ = {isa = PBXBuildFile; fileRef = C6EF60F31CC5565A007B0279 /* LaunchScreen.xib */; };
		C6EF61011CC5565A007B0279 /* WhatTheFilmTests.swift in Sources */ = {isa = PBXBuildFile; fileRef = C6EF61001CC5565A007B0279 /* WhatTheFilmTests.swift */; };
		C6EF610C1CC55DF6007B0279 /* CategoryRowTableViewCell.swift in Sources */ = {isa = PBXBuildFile; fileRef = C6EF610B1CC55DF6007B0279 /* CategoryRowTableViewCell.swift */; };
		C6EF610F1CC578A3007B0279 /* MovieTitlesCollectionViewCell.swift in Sources */ = {isa = PBXBuildFile; fileRef = C6EF610E1CC578A3007B0279 /* MovieTitlesCollectionViewCell.swift */; };
		C6EF61111CC57A8B007B0279 /* MovieDetailsViewController.swift in Sources */ = {isa = PBXBuildFile; fileRef = C6EF61101CC57A8B007B0279 /* MovieDetailsViewController.swift */; };
/* End PBXBuildFile section */

/* Begin PBXContainerItemProxy section */
		C6EF60FB1CC5565A007B0279 /* PBXContainerItemProxy */ = {
			isa = PBXContainerItemProxy;
			containerPortal = C6EF60DD1CC5565A007B0279 /* Project object */;
			proxyType = 1;
			remoteGlobalIDString = C6EF60E41CC5565A007B0279;
			remoteInfo = WhatTheFilm;
		};
/* End PBXContainerItemProxy section */

/* Begin PBXFileReference section */
		C6EF60E51CC5565A007B0279 /* WhatTheFilm.app */ = {isa = PBXFileReference; explicitFileType = wrapper.application; includeInIndex = 0; path = WhatTheFilm.app; sourceTree = BUILT_PRODUCTS_DIR; };
		C6EF60E91CC5565A007B0279 /* Info.plist */ = {isa = PBXFileReference; lastKnownFileType = text.plist.xml; path = Info.plist; sourceTree = "<group>"; };
		C6EF60EA1CC5565A007B0279 /* AppDelegate.swift */ = {isa = PBXFileReference; lastKnownFileType = sourcecode.swift; path = AppDelegate.swift; sourceTree = "<group>"; };
		C6EF60EC1CC5565A007B0279 /* MainMoviesViewController.swift */ = {isa = PBXFileReference; lastKnownFileType = sourcecode.swift; path = MainMoviesViewController.swift; sourceTree = "<group>"; };
		C6EF60EF1CC5565A007B0279 /* Base */ = {isa = PBXFileReference; lastKnownFileType = file.storyboard; name = Base; path = Base.lproj/Main.storyboard; sourceTree = "<group>"; };
		C6EF60F11CC5565A007B0279 /* Images.xcassets */ = {isa = PBXFileReference; lastKnownFileType = folder.assetcatalog; path = Images.xcassets; sourceTree = "<group>"; };
		C6EF60F41CC5565A007B0279 /* Base */ = {isa = PBXFileReference; lastKnownFileType = file.xib; name = Base; path = Base.lproj/LaunchScreen.xib; sourceTree = "<group>"; };
		C6EF60FA1CC5565A007B0279 /* WhatTheFilmTests.xctest */ = {isa = PBXFileReference; explicitFileType = wrapper.cfbundle; includeInIndex = 0; path = WhatTheFilmTests.xctest; sourceTree = BUILT_PRODUCTS_DIR; };
		C6EF60FF1CC5565A007B0279 /* Info.plist */ = {isa = PBXFileReference; lastKnownFileType = text.plist.xml; path = Info.plist; sourceTree = "<group>"; };
		C6EF61001CC5565A007B0279 /* WhatTheFilmTests.swift */ = {isa = PBXFileReference; lastKnownFileType = sourcecode.swift; path = WhatTheFilmTests.swift; sourceTree = "<group>"; };
		C6EF610B1CC55DF6007B0279 /* CategoryRowTableViewCell.swift */ = {isa = PBXFileReference; fileEncoding = 4; lastKnownFileType = sourcecode.swift; path = CategoryRowTableViewCell.swift; sourceTree = "<group>"; };
		C6EF610E1CC578A3007B0279 /* MovieTitlesCollectionViewCell.swift */ = {isa = PBXFileReference; fileEncoding = 4; lastKnownFileType = sourcecode.swift; path = MovieTitlesCollectionViewCell.swift; sourceTree = "<group>"; };
		C6EF61101CC57A8B007B0279 /* MovieDetailsViewController.swift */ = {isa = PBXFileReference; fileEncoding = 4; lastKnownFileType = sourcecode.swift; path = MovieDetailsViewController.swift; sourceTree = "<group>"; };
/* End PBXFileReference section */

/* Begin PBXFrameworksBuildPhase section */
		C6EF60E21CC5565A007B0279 /* Frameworks */ = {
			isa = PBXFrameworksBuildPhase;
			buildActionMask = 2147483647;
			files = (
			);
			runOnlyForDeploymentPostprocessing = 0;
		};
		C6EF60F71CC5565A007B0279 /* Frameworks */ = {
			isa = PBXFrameworksBuildPhase;
			buildActionMask = 2147483647;
			files = (
			);
			runOnlyForDeploymentPostprocessing = 0;
		};
/* End PBXFrameworksBuildPhase section */

/* Begin PBXGroup section */
		C6EF60DC1CC5565A007B0279 = {
			isa = PBXGroup;
			children = (
				C6EF60E71CC5565A007B0279 /* WhatTheFilm */,
				C6EF60FD1CC5565A007B0279 /* WhatTheFilmTests */,
				C6EF60E61CC5565A007B0279 /* Products */,
			);
			sourceTree = "<group>";
		};
		C6EF60E61CC5565A007B0279 /* Products */ = {
			isa = PBXGroup;
			children = (
				C6EF60E51CC5565A007B0279 /* WhatTheFilm.app */,
				C6EF60FA1CC5565A007B0279 /* WhatTheFilmTests.xctest */,
			);
			name = Products;
			sourceTree = "<group>";
		};
		C6EF60E71CC5565A007B0279 /* WhatTheFilm */ = {
			isa = PBXGroup;
			children = (
				C6EF60EA1CC5565A007B0279 /* AppDelegate.swift */,
				C6EF610D1CC55E1F007B0279 /* Controller */,
				C6EF610A1CC55DC6007B0279 /* Model */,
				C6EF60EE1CC5565A007B0279 /* Main.storyboard */,
				C6EF60F11CC5565A007B0279 /* Images.xcassets */,
				C6EF60F31CC5565A007B0279 /* LaunchScreen.xib */,
				C6EF60E81CC5565A007B0279 /* Supporting Files */,
			);
			path = WhatTheFilm;
			sourceTree = "<group>";
		};
		C6EF60E81CC5565A007B0279 /* Supporting Files */ = {
			isa = PBXGroup;
			children = (
				C6EF60E91CC5565A007B0279 /* Info.plist */,
			);
			name = "Supporting Files";
			sourceTree = "<group>";
		};
		C6EF60FD1CC5565A007B0279 /* WhatTheFilmTests */ = {
			isa = PBXGroup;
			children = (
				C6EF61001CC5565A007B0279 /* WhatTheFilmTests.swift */,
				C6EF60FE1CC5565A007B0279 /* Supporting Files */,
			);
			path = WhatTheFilmTests;
			sourceTree = "<group>";
		};
		C6EF60FE1CC5565A007B0279 /* Supporting Files */ = {
			isa = PBXGroup;
			children = (
				C6EF60FF1CC5565A007B0279 /* Info.plist */,
			);
			name = "Supporting Files";
			sourceTree = "<group>";
		};
		C6EF610A1CC55DC6007B0279 /* Model */ = {
			isa = PBXGroup;
			children = (
				C6EF610B1CC55DF6007B0279 /* CategoryRowTableViewCell.swift */,
				C6EF610E1CC578A3007B0279 /* MovieTitlesCollectionViewCell.swift */,
			);
			path = Model;
			sourceTree = "<group>";
		};
		C6EF610D1CC55E1F007B0279 /* Controller */ = {
			isa = PBXGroup;
			children = (
				C6EF60EC1CC5565A007B0279 /* MainMoviesViewController.swift */,
				C6EF61101CC57A8B007B0279 /* MovieDetailsViewController.swift */,
			);
			path = Controller;
			sourceTree = "<group>";
		};
/* End PBXGroup section */

/* Begin PBXNativeTarget section */
		C6EF60E41CC5565A007B0279 /* WhatTheFilm */ = {
			isa = PBXNativeTarget;
			buildConfigurationList = C6EF61041CC5565A007B0279 /* Build configuration list for PBXNativeTarget "WhatTheFilm" */;
			buildPhases = (
				C6EF60E11CC5565A007B0279 /* Sources */,
				C6EF60E21CC5565A007B0279 /* Frameworks */,
				C6EF60E31CC5565A007B0279 /* Resources */,
			);
			buildRules = (
			);
			dependencies = (
			);
			name = WhatTheFilm;
			productName = WhatTheFilm;
			productReference = C6EF60E51CC5565A007B0279 /* WhatTheFilm.app */;
			productType = "com.apple.product-type.application";
		};
		C6EF60F91CC5565A007B0279 /* WhatTheFilmTests */ = {
			isa = PBXNativeTarget;
			buildConfigurationList = C6EF61071CC5565A007B0279 /* Build configuration list for PBXNativeTarget "WhatTheFilmTests" */;
			buildPhases = (
				C6EF60F61CC5565A007B0279 /* Sources */,
				C6EF60F71CC5565A007B0279 /* Frameworks */,
				C6EF60F81CC5565A007B0279 /* Resources */,
			);
			buildRules = (
			);
			dependencies = (
				C6EF60FC1CC5565A007B0279 /* PBXTargetDependency */,
			);
			name = WhatTheFilmTests;
			productName = WhatTheFilmTests;
			productReference = C6EF60FA1CC5565A007B0279 /* WhatTheFilmTests.xctest */;
			productType = "com.apple.product-type.bundle.unit-test";
		};
/* End PBXNativeTarget section */

/* Begin PBXProject section */
		C6EF60DD1CC5565A007B0279 /* Project object */ = {
			isa = PBXProject;
			attributes = {
				LastUpgradeCheck = 0640;
				ORGANIZATIONNAME = "Julio Franco";
				TargetAttributes = {
					C6EF60E41CC5565A007B0279 = {
						CreatedOnToolsVersion = 6.4;
					};
					C6EF60F91CC5565A007B0279 = {
						CreatedOnToolsVersion = 6.4;
						TestTargetID = C6EF60E41CC5565A007B0279;
					};
				};
			};
			buildConfigurationList = C6EF60E01CC5565A007B0279 /* Build configuration list for PBXProject "WhatTheFilm" */;
			compatibilityVersion = "Xcode 3.2";
			developmentRegion = English;
			hasScannedForEncodings = 0;
			knownRegions = (
				en,
				Base,
			);
			mainGroup = C6EF60DC1CC5565A007B0279;
			productRefGroup = C6EF60E61CC5565A007B0279 /* Products */;
			projectDirPath = "";
			projectRoot = "";
			targets = (
				C6EF60E41CC5565A007B0279 /* WhatTheFilm */,
				C6EF60F91CC5565A007B0279 /* WhatTheFilmTests */,
			);
		};
/* End PBXProject section */

/* Begin PBXResourcesBuildPhase section */
		C6EF60E31CC5565A007B0279 /* Resources */ = {
			isa = PBXResourcesBuildPhase;
			buildActionMask = 2147483647;
			files = (
				C6EF60F01CC5565A007B0279 /* Main.storyboard in Resources */,
				C6EF60F51CC5565A007B0279 /* LaunchScreen.xib in Resources */,
				C6EF60F21CC5565A007B0279 /* Images.xcassets in Resources */,
			);
			runOnlyForDeploymentPostprocessing = 0;
		};
		C6EF60F81CC5565A007B0279 /* Resources */ = {
			isa = PBXResourcesBuildPhase;
			buildActionMask = 2147483647;
			files = (
			);
			runOnlyForDeploymentPostprocessing = 0;
		};
/* End PBXResourcesBuildPhase section */

/* Begin PBXSourcesBuildPhase section */
		C6EF60E11CC5565A007B0279 /* Sources */ = {
			isa = PBXSourcesBuildPhase;
			buildActionMask = 2147483647;
			files = (
				C6EF61111CC57A8B007B0279 /* MovieDetailsViewController.swift in Sources */,
				C6EF60ED1CC5565A007B0279 /* MainMoviesViewController.swift in Sources */,
				C6EF610C1CC55DF6007B0279 /* CategoryRowTableViewCell.swift in Sources */,
				C6EF610F1CC578A3007B0279 /* MovieTitlesCollectionViewCell.swift in Sources */,
				C6EF60EB1CC5565A007B0279 /* AppDelegate.swift in Sources */,
			);
			runOnlyForDeploymentPostprocessing = 0;
		};
		C6EF60F61CC5565A007B0279 /* Sources */ = {
			isa = PBXSourcesBuildPhase;
			buildActionMask = 2147483647;
			files = (
				C6EF61011CC5565A007B0279 /* WhatTheFilmTests.swift in Sources */,
			);
			runOnlyForDeploymentPostprocessing = 0;
		};
/* End PBXSourcesBuildPhase section */

/* Begin PBXTargetDependency section */
		C6EF60FC1CC5565A007B0279 /* PBXTargetDependency */ = {
			isa = PBXTargetDependency;
			target = C6EF60E41CC5565A007B0279 /* WhatTheFilm */;
			targetProxy = C6EF60FB1CC5565A007B0279 /* PBXContainerItemProxy */;
		};
/* End PBXTargetDependency section */

/* Begin PBXVariantGroup section */
		C6EF60EE1CC5565A007B0279 /* Main.storyboard */ = {
			isa = PBXVariantGroup;
			children = (
				C6EF60EF1CC5565A007B0279 /* Base */,
			);
			name = Main.storyboard;
			sourceTree = "<group>";
		};
		C6EF60F31CC5565A007B0279 /* LaunchScreen.xib */ = {
			isa = PBXVariantGroup;
			children = (
				C6EF60F41CC5565A007B0279 /* Base */,
			);
			name = LaunchScreen.xib;
			sourceTree = "<group>";
		};
/* End PBXVariantGroup section */

/* Begin XCBuildConfiguration section */
		C6EF61021CC5565A007B0279 /* Debug */ = {
			isa = XCBuildConfiguration;
			buildSettings = {
				ALWAYS_SEARCH_USER_PATHS = NO;
				CLANG_CXX_LANGUAGE_STANDARD = "gnu++0x";
				CLANG_CXX_LIBRARY = "libc++";
				CLANG_ENABLE_MODULES = YES;
				CLANG_ENABLE_OBJC_ARC = YES;
				CLANG_WARN_BOOL_CONVERSION = YES;
				CLANG_WARN_CONSTANT_CONVERSION = YES;
				CLANG_WARN_DIRECT_OBJC_ISA_USAGE = YES_ERROR;
				CLANG_WARN_EMPTY_BODY = YES;
				CLANG_WARN_ENUM_CONVERSION = YES;
				CLANG_WARN_INT_CONVERSION = YES;
				CLANG_WARN_OBJC_ROOT_CLASS = YES_ERROR;
				CLANG_WARN_UNREACHABLE_CODE = YES;
				CLANG_WARN__DUPLICATE_METHOD_MATCH = YES;
				"CODE_SIGN_IDENTITY[sdk=iphoneos*]" = "iPhone Developer";
				COPY_PHASE_STRIP = NO;
				DEBUG_INFORMATION_FORMAT = "dwarf-with-dsym";
				ENABLE_STRICT_OBJC_MSGSEND = YES;
				GCC_C_LANGUAGE_STANDARD = gnu99;
				GCC_DYNAMIC_NO_PIC = NO;
				GCC_NO_COMMON_BLOCKS = YES;
				GCC_OPTIMIZATION_LEVEL = 0;
				GCC_PREPROCESSOR_DEFINITIONS = (
					"DEBUG=1",
					"$(inherited)",
				);
				GCC_SYMBOLS_PRIVATE_EXTERN = NO;
				GCC_WARN_64_TO_32_BIT_CONVERSION = YES;
				GCC_WARN_ABOUT_RETURN_TYPE = YES_ERROR;
				GCC_WARN_UNDECLARED_SELECTOR = YES;
				GCC_WARN_UNINITIALIZED_AUTOS = YES_AGGRESSIVE;
				GCC_WARN_UNUSED_FUNCTION = YES;
				GCC_WARN_UNUSED_VARIABLE = YES;
				IPHONEOS_DEPLOYMENT_TARGET = 8.4;
				MTL_ENABLE_DEBUG_INFO = YES;
				ONLY_ACTIVE_ARCH = YES;
				SDKROOT = iphoneos;
				SWIFT_OPTIMIZATION_LEVEL = "-Onone";
			};
			name = Debug;
		};
		C6EF61031CC5565A007B0279 /* Release */ = {
			isa = XCBuildConfiguration;
			buildSettings = {
				ALWAYS_SEARCH_USER_PATHS = NO;
				CLANG_CXX_LANGUAGE_STANDARD = "gnu++0x";
				CLANG_CXX_LIBRARY = "libc++";
				CLANG_ENABLE_MODULES = YES;
				CLANG_ENABLE_OBJC_ARC = YES;
				CLANG_WARN_BOOL_CONVERSION = YES;
				CLANG_WARN_CONSTANT_CONVERSION = YES;
				CLANG_WARN_DIRECT_OBJC_ISA_USAGE = YES_ERROR;
				CLANG_WARN_EMPTY_BODY = YES;
				CLANG_WARN_ENUM_CONVERSION = YES;
				CLANG_WARN_INT_CONVERSION = YES;
				CLANG_WARN_OBJC_ROOT_CLASS = YES_ERROR;
				CLANG_WARN_UNREACHABLE_CODE = YES;
				CLANG_WARN__DUPLICATE_METHOD_MATCH = YES;
				"CODE_SIGN_IDENTITY[sdk=iphoneos*]" = "iPhone Developer";
				COPY_PHASE_STRIP = NO;
				DEBUG_INFORMATION_FORMAT = "dwarf-with-dsym";
				ENABLE_NS_ASSERTIONS = NO;
				ENABLE_STRICT_OBJC_MSGSEND = YES;
				GCC_C_LANGUAGE_STANDARD = gnu99;
				GCC_NO_COMMON_BLOCKS = YES;
				GCC_WARN_64_TO_32_BIT_CONVERSION = YES;
				GCC_WARN_ABOUT_RETURN_TYPE = YES_ERROR;
				GCC_WARN_UNDECLARED_SELECTOR = YES;
				GCC_WARN_UNINITIALIZED_AUTOS = YES_AGGRESSIVE;
				GCC_WARN_UNUSED_FUNCTION = YES;
				GCC_WARN_UNUSED_VARIABLE = YES;
				IPHONEOS_DEPLOYMENT_TARGET = 8.4;
				MTL_ENABLE_DEBUG_INFO = NO;
				SDKROOT = iphoneos;
				VALIDATE_PRODUCT = YES;
			};
			name = Release;
		};
		C6EF61051CC5565A007B0279 /* Debug */ = {
			isa = XCBuildConfiguration;
			buildSettings = {
				ASSETCATALOG_COMPILER_APPICON_NAME = AppIcon;
				INFOPLIST_FILE = WhatTheFilm/Info.plist;
				LD_RUNPATH_SEARCH_PATHS = "$(inherited) @executable_path/Frameworks";
				PRODUCT_NAME = "$(TARGET_NAME)";
			};
			name = Debug;
		};
		C6EF61061CC5565A007B0279 /* Release */ = {
			isa = XCBuildConfiguration;
			buildSettings = {
				ASSETCATALOG_COMPILER_APPICON_NAME = AppIcon;
				INFOPLIST_FILE = WhatTheFilm/Info.plist;
				LD_RUNPATH_SEARCH_PATHS = "$(inherited) @executable_path/Frameworks";
				PRODUCT_NAME = "$(TARGET_NAME)";
			};
			name = Release;
		};
		C6EF61081CC5565A007B0279 /* Debug */ = {
			isa = XCBuildConfiguration;
			buildSettings = {
				BUNDLE_LOADER = "$(TEST_HOST)";
				FRAMEWORK_SEARCH_PATHS = (
					"$(SDKROOT)/Developer/Library/Frameworks",
					"$(inherited)",
				);
				GCC_PREPROCESSOR_DEFINITIONS = (
					"DEBUG=1",
					"$(inherited)",
				);
				INFOPLIST_FILE = WhatTheFilmTests/Info.plist;
				LD_RUNPATH_SEARCH_PATHS = "$(inherited) @executable_path/Frameworks @loader_path/Frameworks";
				PRODUCT_NAME = "$(TARGET_NAME)";
				TEST_HOST = "$(BUILT_PRODUCTS_DIR)/WhatTheFilm.app/WhatTheFilm";
			};
			name = Debug;
		};
		C6EF61091CC5565A007B0279 /* Release */ = {
			isa = XCBuildConfiguration;
			buildSettings = {
				BUNDLE_LOADER = "$(TEST_HOST)";
				FRAMEWORK_SEARCH_PATHS = (
					"$(SDKROOT)/Developer/Library/Frameworks",
					"$(inherited)",
				);
				INFOPLIST_FILE = WhatTheFilmTests/Info.plist;
				LD_RUNPATH_SEARCH_PATHS = "$(inherited) @executable_path/Frameworks @loader_path/Frameworks";
				PRODUCT_NAME = "$(TARGET_NAME)";
				TEST_HOST = "$(BUILT_PRODUCTS_DIR)/WhatTheFilm.app/WhatTheFilm";
			};
			name = Release;
		};
/* End XCBuildConfiguration section */

/* Begin XCConfigurationList section */
		C6EF60E01CC5565A007B0279 /* Build configuration list for PBXProject "WhatTheFilm" */ = {
			isa = XCConfigurationList;
			buildConfigurations = (
				C6EF61021CC5565A007B0279 /* Debug */,
				C6EF61031CC5565A007B0279 /* Release */,
			);
			defaultConfigurationIsVisible = 0;
			defaultConfigurationName = Release;
		};
		C6EF61041CC5565A007B0279 /* Build configuration list for PBXNativeTarget "WhatTheFilm" */ = {
			isa = XCConfigurationList;
			buildConfigurations = (
				C6EF61051CC5565A007B0279 /* Debug */,
				C6EF61061CC5565A007B0279 /* Release */,
			);
			defaultConfigurationIsVisible = 0;
		};
		C6EF61071CC5565A007B0279 /* Build configuration list for PBXNativeTarget "WhatTheFilmTests" */ = {
			isa = XCConfigurationList;
			buildConfigurations = (
				C6EF61081CC5565A007B0279 /* Debug */,
				C6EF61091CC5565A007B0279 /* Release */,
			);
			defaultConfigurationIsVisible = 0;
		};
/* End XCConfigurationList section */
	};
	rootObject = C6EF60DD1CC5565A007B0279 /* Project object */;
}
